
Microsoft Visual Studio Solution File, Format Version 12.00
# Visual Studio 15
VisualStudioVersion = 15.0.27703.2035
MinimumVisualStudioVersion = 10.0.40219.1
Project("{FAE04EC0-301F-11D3-BF4B-00C04F79EFBC}") = "IDF", "IDF\IDF.csproj", "{F5E4B887-3388-412B-926F-5E12632F2E94}"
EndProject
Project("{FAE04EC0-301F-11D3-BF4B-00C04F79EFBC}") = "UnitTest", "UnitTest\UnitTest.csproj", "{11164213-D327-4092-9095-B1A5988A022E}"
EndProject
Global
	GlobalSection(SolutionConfigurationPlatforms) = preSolution
		Debug|Any CPU = Debug|Any CPU
		Release|Any CPU = Release|Any CPU
	EndGlobalSection
	GlobalSection(ProjectConfigurationPlatforms) = postSolution
		{F5E4B887-3388-412B-926F-5E12632F2E94}.Debug|Any CPU.ActiveCfg = Debug|Any CPU
		{F5E4B887-3388-412B-926F-5E12632F2E94}.Debug|Any CPU.Build.0 = Debug|Any CPU
		{F5E4B887-3388-412B-926F-5E12632F2E94}.Release|Any CPU.ActiveCfg = Release|Any CPU
		{F5E4B887-3388-412B-926F-5E12632F2E94}.Release|Any CPU.Build.0 = Release|Any CPU
		{11164213-D327-4092-9095-B1A5988A022E}.Debug|Any CPU.ActiveCfg = Debug|Any CPU
		{11164213-D327-4092-9095-B1A5988A022E}.Debug|Any CPU.Build.0 = Debug|Any CPU
		{11164213-D327-4092-9095-B1A5988A022E}.Release|Any CPU.ActiveCfg = Release|Any CPU
		{11164213-D327-4092-9095-B1A5988A022E}.Release|Any CPU.Build.0 = Release|Any CPU
	EndGlobalSection
	GlobalSection(SolutionProperties) = preSolution
		HideSolutionNode = FALSE
	EndGlobalSection
	GlobalSection(ExtensibilityGlobals) = postSolution
		SolutionGuid = {EAB5549C-F43C-46D7-9B35-BC1F091996F7}
	EndGlobalSection
EndGlobal
